
Microsoft Visual Studio Solution File, Format Version 12.00
# Visual Studio Version 16
VisualStudioVersion = 16.0.31410.357
MinimumVisualStudioVersion = 10.0.40219.1
Project("{9A19103F-16F7-4668-BE54-9A1E7A4F7556}") = "AgeOfWar", "AgeOfWar.csproj", "{6F6D16D6-243E-4D9C-B352-DC317B0ED62B}"
EndProject
Global
	GlobalSection(SolutionConfigurationPlatforms) = preSolution
		Debug|Any CPU = Debug|Any CPU
		Release|Any CPU = Release|Any CPU
	EndGlobalSection
	GlobalSection(ProjectConfigurationPlatforms) = postSolution
		{6F6D16D6-243E-4D9C-B352-DC317B0ED62B}.Debug|Any CPU.ActiveCfg = Debug|Any CPU
		{6F6D16D6-243E-4D9C-B352-DC317B0ED62B}.Debug|Any CPU.Build.0 = Debug|Any CPU
		{6F6D16D6-243E-4D9C-B352-DC317B0ED62B}.Release|Any CPU.ActiveCfg = Release|Any CPU
		{6F6D16D6-243E-4D9C-B352-DC317B0ED62B}.Release|Any CPU.Build.0 = Release|Any CPU
	EndGlobalSection
	GlobalSection(SolutionProperties) = preSolution
		HideSolutionNode = FALSE
	EndGlobalSection
	GlobalSection(ExtensibilityGlobals) = postSolution
		SolutionGuid = {818E7F81-AA91-4C2F-B88D-CC36F9269C3E}
	EndGlobalSection
EndGlobal
